
Microsoft Visual Studio Solution File, Format Version 12.00
# Visual Studio Version 17
VisualStudioVersion = 17.14.36203.30
MinimumVisualStudioVersion = 10.0.40219.1
Project("{FAE04EC0-301F-11D3-BF4B-00C04F79EFBC}") = "BankAccount", "BankAccount.csproj", "{A731AD4A-7733-4547-9CCF-8F3FB4FAA7AD}"
EndProject
Project("{FAE04EC0-301F-11D3-BF4B-00C04F79EFBC}") = "BankAccount.UnitTests", "BankAccount.UnitTests\BankAccount.UnitTests.csproj", "{497DC0AE-C658-4D66-82C0-5C9B07350918}"
EndProject
Global
	GlobalSection(SolutionConfigurationPlatforms) = preSolution
		Debug|Any CPU = Debug|Any CPU
		Debug|x64 = Debug|x64
		Debug|x86 = Debug|x86
		Release|Any CPU = Release|Any CPU
		Release|x64 = Release|x64
		Release|x86 = Release|x86
	EndGlobalSection
	GlobalSection(ProjectConfigurationPlatforms) = postSolution
		{A731AD4A-7733-4547-9CCF-8F3FB4FAA7AD}.Debug|Any CPU.ActiveCfg = Debug|Any CPU
		{A731AD4A-7733-4547-9CCF-8F3FB4FAA7AD}.Debug|Any CPU.Build.0 = Debug|Any CPU
		{A731AD4A-7733-4547-9CCF-8F3FB4FAA7AD}.Debug|x64.ActiveCfg = Debug|Any CPU
		{A731AD4A-7733-4547-9CCF-8F3FB4FAA7AD}.Debug|x64.Build.0 = Debug|Any CPU
		{A731AD4A-7733-4547-9CCF-8F3FB4FAA7AD}.Debug|x86.ActiveCfg = Debug|Any CPU
		{A731AD4A-7733-4547-9CCF-8F3FB4FAA7AD}.Debug|x86.Build.0 = Debug|Any CPU
		{A731AD4A-7733-4547-9CCF-8F3FB4FAA7AD}.Release|Any CPU.ActiveCfg = Release|Any CPU
		{A731AD4A-7733-4547-9CCF-8F3FB4FAA7AD}.Release|Any CPU.Build.0 = Release|Any CPU
		{A731AD4A-7733-4547-9CCF-8F3FB4FAA7AD}.Release|x64.ActiveCfg = Release|Any CPU
		{A731AD4A-7733-4547-9CCF-8F3FB4FAA7AD}.Release|x64.Build.0 = Release|Any CPU
		{A731AD4A-7733-4547-9CCF-8F3FB4FAA7AD}.Release|x86.ActiveCfg = Release|Any CPU
		{A731AD4A-7733-4547-9CCF-8F3FB4FAA7AD}.Release|x86.Build.0 = Release|Any CPU
		{497DC0AE-C658-4D66-82C0-5C9B07350918}.Debug|Any CPU.ActiveCfg = Debug|Any CPU
		{497DC0AE-C658-4D66-82C0-5C9B07350918}.Debug|Any CPU.Build.0 = Debug|Any CPU
		{497DC0AE-C658-4D66-82C0-5C9B07350918}.Debug|x64.ActiveCfg = Debug|Any CPU
		{497DC0AE-C658-4D66-82C0-5C9B07350918}.Debug|x64.Build.0 = Debug|Any CPU
		{497DC0AE-C658-4D66-82C0-5C9B07350918}.Debug|x86.ActiveCfg = Debug|Any CPU
		{497DC0AE-C658-4D66-82C0-5C9B07350918}.Debug|x86.Build.0 = Debug|Any CPU
		{497DC0AE-C658-4D66-82C0-5C9B07350918}.Release|Any CPU.ActiveCfg = Release|Any CPU
		{497DC0AE-C658-4D66-82C0-5C9B07350918}.Release|Any CPU.Build.0 = Release|Any CPU
		{497DC0AE-C658-4D66-82C0-5C9B07350918}.Release|x64.ActiveCfg = Release|Any CPU
		{497DC0AE-C658-4D66-82C0-5C9B07350918}.Release|x64.Build.0 = Release|Any CPU
		{497DC0AE-C658-4D66-82C0-5C9B07350918}.Release|x86.ActiveCfg = Release|Any CPU
		{497DC0AE-C658-4D66-82C0-5C9B07350918}.Release|x86.Build.0 = Release|Any CPU
	EndGlobalSection
	GlobalSection(SolutionProperties) = preSolution
		HideSolutionNode = FALSE
	EndGlobalSection
	GlobalSection(ExtensibilityGlobals) = postSolution
		SolutionGuid = {9093E4ED-C056-4121-A8AD-853703FB4B1C}
	EndGlobalSection
EndGlobal
